# Generated by pub
# See http://pub.dartlang.org/doc/glossary.html#lockfile
packages:
  meta:
    description: meta
    source: hosted
    version: "0.6.3+1"
  mqtt:
    description: mqtt
    source: hosted
    version: "1.0.0"
  unittest:
    description: unittest
    source: hosted
    version: "0.6.3+1"
