# Generated by pub
# See http://pub.dartlang.org/doc/glossary.html#lockfile
packages:
  ini:
    description: ini
    source: hosted
    version: "0.0.5"
  meta:
    description: meta
    source: hosted
    version: "0.6.3+1"
  unittest:
    description: unittest
    source: hosted
    version: "0.6.3+1"
